PODS:
  - connectivity_plus (0.0.1):
    - Flutter
    - ReachabilitySwift
  - deriv_passkeys (0.0.1):
    - Flutter
  - device_info_plus (0.0.1):
    - Flutter
  - Flutter (1.0.0)
  - flutter_deriv_api (0.0.1):
    - Flutter
  - flutter_inappwebview_ios (0.0.1):
    - Flutter
    - flutter_inappwebview_ios/Core (= 0.0.1)
    - OrderedSet (~> 5.0)
  - flutter_inappwebview_ios/Core (0.0.1):
    - Flutter
    - OrderedSet (~> 5.0)
  - flutter_system_proxy (0.0.1):
    - Flutter
  - OrderedSet (5.0.0)
  - package_info_plus (0.4.5):
    - Flutter
  - ReachabilitySwift (5.0.0)
  - url_launcher_ios (0.0.1):
    - Flutter
  - webview_flutter_wkwebview (0.0.1):
    - Flutter

DEPENDENCIES:
  - connectivity_plus (from `.symlinks/plugins/connectivity_plus/ios`)
  - deriv_passkeys (from `.symlinks/plugins/deriv_passkeys/ios`)
  - device_info_plus (from `.symlinks/plugins/device_info_plus/ios`)
  - Flutter (from `Flutter`)
  - flutter_deriv_api (from `.symlinks/plugins/flutter_deriv_api/ios`)
  - flutter_inappwebview_ios (from `.symlinks/plugins/flutter_inappwebview_ios/ios`)
  - flutter_system_proxy (from `.symlinks/plugins/flutter_system_proxy/ios`)
  - package_info_plus (from `.symlinks/plugins/package_info_plus/ios`)
  - url_launcher_ios (from `.symlinks/plugins/url_launcher_ios/ios`)
  - webview_flutter_wkwebview (from `.symlinks/plugins/webview_flutter_wkwebview/ios`)

SPEC REPOS:
  trunk:
    - OrderedSet
    - ReachabilitySwift

EXTERNAL SOURCES:
  connectivity_plus:
    :path: ".symlinks/plugins/connectivity_plus/ios"
  deriv_passkeys:
    :path: ".symlinks/plugins/deriv_passkeys/ios"
  device_info_plus:
    :path: ".symlinks/plugins/device_info_plus/ios"
  Flutter:
    :path: Flutter
  flutter_deriv_api:
    :path: ".symlinks/plugins/flutter_deriv_api/ios"
  flutter_inappwebview_ios:
    :path: ".symlinks/plugins/flutter_inappwebview_ios/ios"
  flutter_system_proxy:
    :path: ".symlinks/plugins/flutter_system_proxy/ios"
  package_info_plus:
    :path: ".symlinks/plugins/package_info_plus/ios"
  url_launcher_ios:
    :path: ".symlinks/plugins/url_launcher_ios/ios"
  webview_flutter_wkwebview:
    :path: ".symlinks/plugins/webview_flutter_wkwebview/ios"

SPEC CHECKSUMS:
  connectivity_plus: bf0076dd84a130856aa636df1c71ccaff908fa1d
  deriv_passkeys: fadd039a48bae6f15ba8b955481a0f8f2b5bdede
  device_info_plus: e5c5da33f982a436e103237c0c85f9031142abed
  Flutter: e0871f40cf51350855a761d2e70bf5af5b9b5de7
  flutter_deriv_api: 9e29abd7cc5091b72303f9c8be549618415f1437
  flutter_inappwebview_ios: 97215cf7d4677db55df76782dbd2930c5e1c1ea0
  flutter_system_proxy: 96eb97e3857a1d1bc533a6f7387a1f0dcb63d782
  OrderedSet: aaeb196f7fef5a9edf55d89760da9176ad40b93c
  package_info_plus: 115f4ad11e0698c8c1c5d8a689390df880f47e85
  ReachabilitySwift: 985039c6f7b23a1da463388634119492ff86c825
  url_launcher_ios: bbd758c6e7f9fd7b5b1d4cde34d2b95fcce5e812
  webview_flutter_wkwebview: 4f3e50f7273d31e5500066ed267e3ae4309c5ae4

PODFILE CHECKSUM: 23c5db403a9f2d103e08afd68b26a1601b49de37

COCOAPODS: 1.13.0
