PODS:
  - Flutter (1.0.0)
  - survey_monkey (0.0.1):
    - Flutter

DEPENDENCIES:
  - Flutter (from `Flutter`)
  - survey_monkey (from `.symlinks/plugins/survey_monkey/ios`)

EXTERNAL SOURCES:
  Flutter:
    :path: Flutter
  survey_monkey:
    :path: ".symlinks/plugins/survey_monkey/ios"

SPEC CHECKSUMS:
  Flutter: 0e3d915762c693b495b44d77113d4970485de6ec
  survey_monkey: a198dc7c1bb60691f8a6b46aae0cebf0a6a792d1

PODFILE CHECKSUM: 142547b1a4c8b8f97556dbc2f402a89b8ef6c2b8

COCOAPODS: 1.10.0
