PODS:
  - deriv_store_launcher (0.0.1):
    - Flutter
  - Flutter (1.0.0)

DEPENDENCIES:
  - deriv_store_launcher (from `.symlinks/plugins/deriv_store_launcher/ios`)
  - Flutter (from `Flutter`)

EXTERNAL SOURCES:
  deriv_store_launcher:
    :path: ".symlinks/plugins/deriv_store_launcher/ios"
  Flutter:
    :path: Flutter

SPEC CHECKSUMS:
  deriv_store_launcher: 17e4a31896f74697dd0b887f5bc89d36f2bf65ef
  Flutter: e0871f40cf51350855a761d2e70bf5af5b9b5de7

PODFILE CHECKSUM: c4c93c5f6502fe2754f48404d3594bf779584011

COCOAPODS: 1.15.2
