PODS:
  - deriv_store_launcher (0.0.1):
    - Flutter
  - Flutter (1.0.0)

DEPENDENCIES:
  - deriv_store_launcher (from `.symlinks/plugins/deriv_store_launcher/ios`)
  - Flutter (from `Flutter`)

EXTERNAL SOURCES:
  deriv_store_launcher:
    :path: ".symlinks/plugins/deriv_store_launcher/ios"
  Flutter:
    :path: Flutter

SPEC CHECKSUMS:
  deriv_store_launcher: 17e4a31896f74697dd0b887f5bc89d36f2bf65ef
  Flutter: 50d75fe2f02b26cc09d224853bb45737f8b3214a

PODFILE CHECKSUM: aafe91acc616949ddb318b77800a7f51bffa2a4c

COCOAPODS: 1.11.2
