PODS:
  - deriv_survicate (0.0.1):
    - Flutter
    - Survicate (= 1.4.3)
  - Flutter (1.0.0)
  - Survicate (1.4.3)

DEPENDENCIES:
  - deriv_survicate (from `.symlinks/plugins/deriv_survicate/ios`)
  - Flutter (from `Flutter`)

SPEC REPOS:
  trunk:
    - Survicate

EXTERNAL SOURCES:
  deriv_survicate:
    :path: ".symlinks/plugins/deriv_survicate/ios"
  Flutter:
    :path: Flutter

SPEC CHECKSUMS:
  deriv_survicate: b8965fd00cbabd5d4b7cff6428b6da8dbf89c152
  Flutter: 0e3d915762c693b495b44d77113d4970485de6ec
  Survicate: 04532a609cba1961879416d0268390196efe2979

PODFILE CHECKSUM: aafe91acc616949ddb318b77800a7f51bffa2a4c

COCOAPODS: 1.10.1
