PODS:
  - deriv_rudderstack (0.0.1):
    - Flutter
    - Rudder
  - Flutter (1.0.0)
  - Rudder (1.0.24)

DEPENDENCIES:
  - deriv_rudderstack (from `.symlinks/plugins/deriv_rudderstack/ios`)
  - Flutter (from `Flutter`)
  - Rudder

SPEC REPOS:
  trunk:
    - Rudder

EXTERNAL SOURCES:
  deriv_rudderstack:
    :path: ".symlinks/plugins/deriv_rudderstack/ios"
  Flutter:
    :path: Flutter

SPEC CHECKSUMS:
  deriv_rudderstack: 44d661275ed9e7dc7bc160651111408814e27bd1
  Flutter: 434fef37c0980e73bb6479ef766c45957d4b510c
  Rudder: 941cdf1a5c26fccf1fa92e9aac1b6685ae1d19f9

PODFILE CHECKSUM: 10ad9430ce285540acaeec6d0be04eebce76fafb

COCOAPODS: 1.10.1
